// !$*UTF8*$!
{
	archiveVersion = 1;
	classes = {
	};
	objectVersion = 46;
	objects = {

/* Begin PBXBuildFile section */
		0206EE29172079B9008F5E51 /* ColorVector.cpp in Sources */ = {isa = PBXBuildFile; fileRef = 0206EE27172079B9008F5E51 /* ColorVector.cpp */; };
		0206EE2C17207E1F008F5E51 /* LightSource.cpp in Sources */ = {isa = PBXBuildFile; fileRef = 0206EE2A17207E1F008F5E51 /* LightSource.cpp */; };
		0206EE2F17209142008F5E51 /* Triangle.cpp in Sources */ = {isa = PBXBuildFile; fileRef = 0206EE2D17209142008F5E51 /* Triangle.cpp */; };
		0206EE3317209C7B008F5E51 /* World.cpp in Sources */ = {isa = PBXBuildFile; fileRef = 0206EE3117209C7A008F5E51 /* World.cpp */; };
		0206EE3B1720A72B008F5E51 /* Mesh.cpp in Sources */ = {isa = PBXBuildFile; fileRef = 0206EE391720A72B008F5E51 /* Mesh.cpp */; };
		0206EE3E1720A75A008F5E51 /* Object.cpp in Sources */ = {isa = PBXBuildFile; fileRef = 0206EE3C1720A759008F5E51 /* Object.cpp */; };
		0206EE401720AE72008F5E51 /* camera.cfg in Resources */ = {isa = PBXBuildFile; fileRef = 0206EE3F1720AE72008F5E51 /* camera.cfg */; };
		0206EE491720B2D7008F5E51 /* Reader.cpp in Sources */ = {isa = PBXBuildFile; fileRef = 0206EE471720B2D7008F5E51 /* Reader.cpp */; };
		022E0EFD170E65F9002183BD /* Canvas.cpp in Sources */ = {isa = PBXBuildFile; fileRef = 022E0EFB170E65F9002183BD /* Canvas.cpp */; };
		02320680171DCE870014C782 /* Transformation.cpp in Sources */ = {isa = PBXBuildFile; fileRef = 0232067E171DCE870014C782 /* Transformation.cpp */; };
		02320686171DD2DB0014C782 /* Point3D.cpp in Sources */ = {isa = PBXBuildFile; fileRef = 02320684171DD2DB0014C782 /* Point3D.cpp */; };
		02320689171DD5990014C782 /* Vector3D.cpp in Sources */ = {isa = PBXBuildFile; fileRef = 02320687171DD5990014C782 /* Vector3D.cpp */; };
		02320690171DE9610014C782 /* Camera.cpp in Sources */ = {isa = PBXBuildFile; fileRef = 0232068E171DE9610014C782 /* Camera.cpp */; };
		02320693171DEE360014C782 /* PerspectiveCamera.cpp in Sources */ = {isa = PBXBuildFile; fileRef = 02320691171DEE360014C782 /* PerspectiveCamera.cpp */; };
		02320696171DEEB30014C782 /* Point2D.cpp in Sources */ = {isa = PBXBuildFile; fileRef = 02320694171DEEB30014C782 /* Point2D.cpp */; };
		02C4C988170DCF0C001B2FC5 /* Cocoa.framework in Frameworks */ = {isa = PBXBuildFile; fileRef = 02C4C987170DCF0C001B2FC5 /* Cocoa.framework */; };
		02C4C992170DCF0C001B2FC5 /* InfoPlist.strings in Resources */ = {isa = PBXBuildFile; fileRef = 02C4C990170DCF0C001B2FC5 /* InfoPlist.strings */; };
		02C4C994170DCF0C001B2FC5 /* main.m in Sources */ = {isa = PBXBuildFile; fileRef = 02C4C993170DCF0C001B2FC5 /* main.m */; };
		02C4C998170DCF0C001B2FC5 /* Credits.rtf in Resources */ = {isa = PBXBuildFile; fileRef = 02C4C996170DCF0C001B2FC5 /* Credits.rtf */; };
		02C4C99B170DCF0C001B2FC5 /* AWAppDelegate.mm in Sources */ = {isa = PBXBuildFile; fileRef = 02C4C99A170DCF0C001B2FC5 /* AWAppDelegate.mm */; };
		02C4C99E170DCF0C001B2FC5 /* MainMenu.xib in Resources */ = {isa = PBXBuildFile; fileRef = 02C4C99C170DCF0C001B2FC5 /* MainMenu.xib */; };
		02C4C9A5170DD094001B2FC5 /* teste.png in Resources */ = {isa = PBXBuildFile; fileRef = 02C4C9A4170DD094001B2FC5 /* teste.png */; };
		02C4C9A8170DE6EC001B2FC5 /* AWDrawerView.mm in Sources */ = {isa = PBXBuildFile; fileRef = 02C4C9A7170DE6EC001B2FC5 /* AWDrawerView.mm */; };
		02C4C9AA170DE7A1001B2FC5 /* OpenGL.framework in Frameworks */ = {isa = PBXBuildFile; fileRef = 02C4C9A9170DE7A1001B2FC5 /* OpenGL.framework */; };
		02F38D741714495B0016A540 /* Matrix.cpp in Sources */ = {isa = PBXBuildFile; fileRef = 02F38D721714495B0016A540 /* Matrix.cpp */; };
		02F38D7717145A680016A540 /* Vector.cpp in Sources */ = {isa = PBXBuildFile; fileRef = 02F38D7517145A680016A540 /* Vector.cpp */; };
		02F3E4961726FC8700683A10 /* camera2.cfg in Resources */ = {isa = PBXBuildFile; fileRef = 02F3E4931726FC8600683A10 /* camera2.cfg */; };
		02F3E4971726FC8700683A10 /* iluminacao2.txt in Resources */ = {isa = PBXBuildFile; fileRef = 02F3E4941726FC8700683A10 /* iluminacao2.txt */; };
		02F3E4981726FC8700683A10 /* objeto2.byu in Resources */ = {isa = PBXBuildFile; fileRef = 02F3E4951726FC8700683A10 /* objeto2.byu */; };
		0F467C781721C82F00D656B0 /* Rasterizer.cpp in Sources */ = {isa = PBXBuildFile; fileRef = 0F467C761721C82F00D656B0 /* Rasterizer.cpp */; };
		0FCD126A1725ECCD00CECBAA /* objeto.byu in Resources */ = {isa = PBXBuildFile; fileRef = 0FCD12691725ECCD00CECBAA /* objeto.byu */; };
		0FCD126C1725ED0500CECBAA /* iluminacao.txt in Resources */ = {isa = PBXBuildFile; fileRef = 0FCD126B1725ED0500CECBAA /* iluminacao.txt */; };
		0FCD129C1725ED1B00CECBAA /* 01_Camera.cfg in Resources */ = {isa = PBXBuildFile; fileRef = 0FCD126E1725ED1B00CECBAA /* 01_Camera.cfg */; };
		0FCD129D1725ED1B00CECBAA /* animais.cfg in Resources */ = {isa = PBXBuildFile; fileRef = 0FCD126F1725ED1B00CECBAA /* animais.cfg */; };
		0FCD129E1725ED1B00CECBAA /* calice2.cfg in Resources */ = {isa = PBXBuildFile; fileRef = 0FCD12701725ED1B00CECBAA /* calice2.cfg */; };
		0FCD129F1725ED1B00CECBAA /* camaro.cfg in Resources */ = {isa = PBXBuildFile; fileRef = 0FCD12711725ED1B00CECBAA /* camaro.cfg */; };
		0FCD12A01725ED1B00CECBAA /* casa.cfg in Resources */ = {isa = PBXBuildFile; fileRef = 0FCD12721725ED1B00CECBAA /* casa.cfg */; };
		0FCD12A11725ED1B00CECBAA /* CAT.cfg in Resources */ = {isa = PBXBuildFile; fileRef = 0FCD12731725ED1B00CECBAA /* CAT.cfg */; };
		0FCD12A21725ED1B00CECBAA /* COW.cfg in Resources */ = {isa = PBXBuildFile; fileRef = 0FCD12741725ED1B00CECBAA /* COW.cfg */; };
		0FCD12A31725ED1B00CECBAA /* crusader.cfg in Resources */ = {isa = PBXBuildFile; fileRef = 0FCD12751725ED1B00CECBAA /* crusader.cfg */; };
		0FCD12A41725ED1B00CECBAA /* crusader2.cfg in Resources */ = {isa = PBXBuildFile; fileRef = 0FCD12761725ED1B00CECBAA /* crusader2.cfg */; };
		0FCD12A51725ED1B00CECBAA /* maca.cfg in Resources */ = {isa = PBXBuildFile; fileRef = 0FCD12771725ED1B00CECBAA /* maca.cfg */; };
		0FCD12A61725ED1B00CECBAA /* maca2.cfg in Resources */ = {isa = PBXBuildFile; fileRef = 0FCD12781725ED1B00CECBAA /* maca2.cfg */; };
		0FCD12A71725ED1B00CECBAA /* moto.cfg in Resources */ = {isa = PBXBuildFile; fileRef = 0FCD12791725ED1B00CECBAA /* moto.cfg */; };
		0FCD12A81725ED1B00CECBAA /* piramide.cfg in Resources */ = {isa = PBXBuildFile; fileRef = 0FCD127A1725ED1B00CECBAA /* piramide.cfg */; };
		0FCD12A91725ED1B00CECBAA /* spaceship.cfg in Resources */ = {isa = PBXBuildFile; fileRef = 0FCD127B1725ED1B00CECBAA /* spaceship.cfg */; };
		0FCD12AA1725ED1B00CECBAA /* superficie.cfg in Resources */ = {isa = PBXBuildFile; fileRef = 0FCD127C1725ED1B00CECBAA /* superficie.cfg */; };
		0FCD12AB1725ED1B00CECBAA /* triangulo.cfg in Resources */ = {isa = PBXBuildFile; fileRef = 0FCD127D1725ED1B00CECBAA /* triangulo.cfg */; };
		0FCD12AC1725ED1B00CECBAA /* trooper.cfg in Resources */ = {isa = PBXBuildFile; fileRef = 0FCD127E1725ED1B00CECBAA /* trooper.cfg */; };
		0FCD12AD1725ED1B00CECBAA /* trooper2.cfg in Resources */ = {isa = PBXBuildFile; fileRef = 0FCD127F1725ED1B00CECBAA /* trooper2.cfg */; };
		0FCD12AE1725ED1B00CECBAA /* vader.cfg in Resources */ = {isa = PBXBuildFile; fileRef = 0FCD12801725ED1B00CECBAA /* vader.cfg */; };
		0FCD12AF1725ED1B00CECBAA /* vaso.cfg in Resources */ = {isa = PBXBuildFile; fileRef = 0FCD12811725ED1B00CECBAA /* vaso.cfg */; };
		0FCD12B01725ED1B00CECBAA /* vaso2.cfg in Resources */ = {isa = PBXBuildFile; fileRef = 0FCD12821725ED1B00CECBAA /* vaso2.cfg */; };
		0FCD12B11725ED1B00CECBAA /* vaso3.cfg in Resources */ = {isa = PBXBuildFile; fileRef = 0FCD12831725ED1B00CECBAA /* vaso3.cfg */; };
		0FCD12B21725ED1B00CECBAA /* yoda.cfg in Resources */ = {isa = PBXBuildFile; fileRef = 0FCD12841725ED1B00CECBAA /* yoda.cfg */; };
		0FCD12B31725ED1B00CECBAA /* 01_Objeto.byu in Resources */ = {isa = PBXBuildFile; fileRef = 0FCD12861725ED1B00CECBAA /* 01_Objeto.byu */; };
		0FCD12B41725ED1B00CECBAA /* calice.byu in Resources */ = {isa = PBXBuildFile; fileRef = 0FCD12871725ED1B00CECBAA /* calice.byu */; };
		0FCD12B51725ED1B00CECBAA /* calice2.byu in Resources */ = {isa = PBXBuildFile; fileRef = 0FCD12881725ED1B00CECBAA /* calice2.byu */; };
		0FCD12B61725ED1B00CECBAA /* camaro.byu in Resources */ = {isa = PBXBuildFile; fileRef = 0FCD12891725ED1B00CECBAA /* camaro.byu */; };
		0FCD12B71725ED1B00CECBAA /* casa.byu in Resources */ = {isa = PBXBuildFile; fileRef = 0FCD128A1725ED1B00CECBAA /* casa.byu */; };
		0FCD12B91725ED1B00CECBAA /* COW.byu in Resources */ = {isa = PBXBuildFile; fileRef = 0FCD128C1725ED1B00CECBAA /* COW.byu */; };
		0FCD12BA1725ED1B00CECBAA /* crusader.byu in Resources */ = {isa = PBXBuildFile; fileRef = 0FCD128D1725ED1B00CECBAA /* crusader.byu */; };
		0FCD12BB1725ED1B00CECBAA /* dalton.byu in Resources */ = {isa = PBXBuildFile; fileRef = 0FCD128E1725ED1B00CECBAA /* dalton.byu */; };
		0FCD12BC1725ED1B00CECBAA /* DOG.byu in Resources */ = {isa = PBXBuildFile; fileRef = 0FCD128F1725ED1B00CECBAA /* DOG.byu */; };
		0FCD12BD1725ED1B00CECBAA /* maca.byu in Resources */ = {isa = PBXBuildFile; fileRef = 0FCD12901725ED1B00CECBAA /* maca.byu */; };
		0FCD12BE1725ED1B00CECBAA /* maca2.byu in Resources */ = {isa = PBXBuildFile; fileRef = 0FCD12911725ED1B00CECBAA /* maca2.byu */; };
		0FCD12BF1725ED1B00CECBAA /* moto.byu in Resources */ = {isa = PBXBuildFile; fileRef = 0FCD12921725ED1B00CECBAA /* moto.byu */; };
		0FCD12C01725ED1B00CECBAA /* piramide.byu in Resources */ = {isa = PBXBuildFile; fileRef = 0FCD12931725ED1B00CECBAA /* piramide.byu */; };
		0FCD12C11725ED1B00CECBAA /* spaceship.byu in Resources */ = {isa = PBXBuildFile; fileRef = 0FCD12941725ED1B00CECBAA /* spaceship.byu */; };
		0FCD12C21725ED1B00CECBAA /* superficie.byu in Resources */ = {isa = PBXBuildFile; fileRef = 0FCD12951725ED1B00CECBAA /* superficie.byu */; };
		0FCD12C31725ED1B00CECBAA /* triangulo.byu in Resources */ = {isa = PBXBuildFile; fileRef = 0FCD12961725ED1B00CECBAA /* triangulo.byu */; };
		0FCD12C41725ED1B00CECBAA /* trooper.byu in Resources */ = {isa = PBXBuildFile; fileRef = 0FCD12971725ED1B00CECBAA /* trooper.byu */; };
		0FCD12C51725ED1B00CECBAA /* tui.byu in Resources */ = {isa = PBXBuildFile; fileRef = 0FCD12981725ED1B00CECBAA /* tui.byu */; };
		0FCD12C61725ED1B00CECBAA /* vader.byu in Resources */ = {isa = PBXBuildFile; fileRef = 0FCD12991725ED1B00CECBAA /* vader.byu */; };
		0FCD12C71725ED1B00CECBAA /* vaso.byu in Resources */ = {isa = PBXBuildFile; fileRef = 0FCD129A1725ED1B00CECBAA /* vaso.byu */; };
		0FCD12C81725ED1B00CECBAA /* yoda.byu in Resources */ = {isa = PBXBuildFile; fileRef = 0FCD129B1725ED1B00CECBAA /* yoda.byu */; };
/* End PBXBuildFile section */

/* Begin PBXFileReference section */
		0206EE24172076D8008F5E51 /* Types.h */ = {isa = PBXFileReference; lastKnownFileType = sourcecode.c.h; path = Types.h; sourceTree = "<group>"; };
		0206EE261720793A008F5E51 /* Color.h */ = {isa = PBXFileReference; lastKnownFileType = sourcecode.c.h; path = Color.h; sourceTree = "<group>"; };
		0206EE27172079B9008F5E51 /* ColorVector.cpp */ = {isa = PBXFileReference; fileEncoding = 4; lastKnownFileType = sourcecode.cpp.cpp; path = ColorVector.cpp; sourceTree = "<group>"; };
		0206EE28172079B9008F5E51 /* ColorVector.h */ = {isa = PBXFileReference; fileEncoding = 4; lastKnownFileType = sourcecode.c.h; path = ColorVector.h; sourceTree = "<group>"; };
		0206EE2A17207E1F008F5E51 /* LightSource.cpp */ = {isa = PBXFileReference; fileEncoding = 4; lastKnownFileType = sourcecode.cpp.cpp; path = LightSource.cpp; sourceTree = "<group>"; };
		0206EE2B17207E1F008F5E51 /* LightSource.h */ = {isa = PBXFileReference; fileEncoding = 4; lastKnownFileType = sourcecode.c.h; path = LightSource.h; sourceTree = "<group>"; };
		0206EE2D17209142008F5E51 /* Triangle.cpp */ = {isa = PBXFileReference; fileEncoding = 4; lastKnownFileType = sourcecode.cpp.cpp; path = Triangle.cpp; sourceTree = "<group>"; };
		0206EE2E17209142008F5E51 /* Triangle.h */ = {isa = PBXFileReference; fileEncoding = 4; lastKnownFileType = sourcecode.c.h; path = Triangle.h; sourceTree = "<group>"; };
		0206EE3117209C7A008F5E51 /* World.cpp */ = {isa = PBXFileReference; fileEncoding = 4; lastKnownFileType = sourcecode.cpp.cpp; path = World.cpp; sourceTree = "<group>"; };
		0206EE3217209C7A008F5E51 /* World.h */ = {isa = PBXFileReference; fileEncoding = 4; lastKnownFileType = sourcecode.c.h; path = World.h; sourceTree = "<group>"; };
		0206EE381720A4A2008F5E51 /* IndexedTriangle.h */ = {isa = PBXFileReference; lastKnownFileType = sourcecode.c.h; path = IndexedTriangle.h; sourceTree = "<group>"; };
		0206EE391720A72B008F5E51 /* Mesh.cpp */ = {isa = PBXFileReference; fileEncoding = 4; lastKnownFileType = sourcecode.cpp.cpp; path = Mesh.cpp; sourceTree = "<group>"; };
		0206EE3A1720A72B008F5E51 /* Mesh.h */ = {isa = PBXFileReference; fileEncoding = 4; lastKnownFileType = sourcecode.c.h; path = Mesh.h; sourceTree = "<group>"; };
		0206EE3C1720A759008F5E51 /* Object.cpp */ = {isa = PBXFileReference; fileEncoding = 4; lastKnownFileType = sourcecode.cpp.cpp; path = Object.cpp; sourceTree = "<group>"; };
		0206EE3D1720A75A008F5E51 /* Object.h */ = {isa = PBXFileReference; fileEncoding = 4; lastKnownFileType = sourcecode.c.h; path = Object.h; sourceTree = "<group>"; };
		0206EE3F1720AE72008F5E51 /* camera.cfg */ = {isa = PBXFileReference; fileEncoding = 4; lastKnownFileType = text; path = camera.cfg; sourceTree = "<group>"; };
		0206EE471720B2D7008F5E51 /* Reader.cpp */ = {isa = PBXFileReference; fileEncoding = 4; lastKnownFileType = sourcecode.cpp.cpp; path = Reader.cpp; sourceTree = "<group>"; };
		0206EE481720B2D7008F5E51 /* Reader.h */ = {isa = PBXFileReference; fileEncoding = 4; lastKnownFileType = sourcecode.c.h; path = Reader.h; sourceTree = "<group>"; };
		022E0EFB170E65F9002183BD /* Canvas.cpp */ = {isa = PBXFileReference; fileEncoding = 4; lastKnownFileType = sourcecode.cpp.cpp; path = Canvas.cpp; sourceTree = "<group>"; };
		022E0EFC170E65F9002183BD /* Canvas.h */ = {isa = PBXFileReference; fileEncoding = 4; lastKnownFileType = sourcecode.c.h; path = Canvas.h; sourceTree = "<group>"; };
		0232067E171DCE870014C782 /* Transformation.cpp */ = {isa = PBXFileReference; fileEncoding = 4; lastKnownFileType = sourcecode.cpp.cpp; path = Transformation.cpp; sourceTree = "<group>"; };
		0232067F171DCE870014C782 /* Transformation.h */ = {isa = PBXFileReference; fileEncoding = 4; lastKnownFileType = sourcecode.c.h; path = Transformation.h; sourceTree = "<group>"; };
		02320684171DD2DB0014C782 /* Point3D.cpp */ = {isa = PBXFileReference; fileEncoding = 4; lastKnownFileType = sourcecode.cpp.cpp; path = Point3D.cpp; sourceTree = "<group>"; };
		02320685171DD2DB0014C782 /* Point3D.h */ = {isa = PBXFileReference; fileEncoding = 4; lastKnownFileType = sourcecode.c.h; path = Point3D.h; sourceTree = "<group>"; };
		02320687171DD5990014C782 /* Vector3D.cpp */ = {isa = PBXFileReference; fileEncoding = 4; lastKnownFileType = sourcecode.cpp.cpp; path = Vector3D.cpp; sourceTree = "<group>"; };
		02320688171DD5990014C782 /* Vector3D.h */ = {isa = PBXFileReference; fileEncoding = 4; lastKnownFileType = sourcecode.c.h; path = Vector3D.h; sourceTree = "<group>"; };
		0232068E171DE9610014C782 /* Camera.cpp */ = {isa = PBXFileReference; fileEncoding = 4; lastKnownFileType = sourcecode.cpp.cpp; path = Camera.cpp; sourceTree = "<group>"; };
		0232068F171DE9610014C782 /* Camera.h */ = {isa = PBXFileReference; fileEncoding = 4; lastKnownFileType = sourcecode.c.h; path = Camera.h; sourceTree = "<group>"; };
		02320691171DEE360014C782 /* PerspectiveCamera.cpp */ = {isa = PBXFileReference; fileEncoding = 4; lastKnownFileType = sourcecode.cpp.cpp; path = PerspectiveCamera.cpp; sourceTree = "<group>"; };
		02320692171DEE360014C782 /* PerspectiveCamera.h */ = {isa = PBXFileReference; fileEncoding = 4; lastKnownFileType = sourcecode.c.h; path = PerspectiveCamera.h; sourceTree = "<group>"; };
		02320694171DEEB30014C782 /* Point2D.cpp */ = {isa = PBXFileReference; fileEncoding = 4; lastKnownFileType = sourcecode.cpp.cpp; path = Point2D.cpp; sourceTree = "<group>"; };
		02320695171DEEB30014C782 /* Point2D.h */ = {isa = PBXFileReference; fileEncoding = 4; lastKnownFileType = sourcecode.c.h; path = Point2D.h; sourceTree = "<group>"; };
		02C4C984170DCF0C001B2FC5 /* Render.app */ = {isa = PBXFileReference; explicitFileType = wrapper.application; includeInIndex = 0; path = Render.app; sourceTree = BUILT_PRODUCTS_DIR; };
		02C4C987170DCF0C001B2FC5 /* Cocoa.framework */ = {isa = PBXFileReference; lastKnownFileType = wrapper.framework; name = Cocoa.framework; path = System/Library/Frameworks/Cocoa.framework; sourceTree = SDKROOT; };
		02C4C98A170DCF0C001B2FC5 /* AppKit.framework */ = {isa = PBXFileReference; lastKnownFileType = wrapper.framework; name = AppKit.framework; path = System/Library/Frameworks/AppKit.framework; sourceTree = SDKROOT; };
		02C4C98B170DCF0C001B2FC5 /* CoreData.framework */ = {isa = PBXFileReference; lastKnownFileType = wrapper.framework; name = CoreData.framework; path = System/Library/Frameworks/CoreData.framework; sourceTree = SDKROOT; };
		02C4C98C170DCF0C001B2FC5 /* Foundation.framework */ = {isa = PBXFileReference; lastKnownFileType = wrapper.framework; name = Foundation.framework; path = System/Library/Frameworks/Foundation.framework; sourceTree = SDKROOT; };
		02C4C98F170DCF0C001B2FC5 /* Render-Info.plist */ = {isa = PBXFileReference; lastKnownFileType = text.plist.xml; path = "Render-Info.plist"; sourceTree = "<group>"; };
		02C4C991170DCF0C001B2FC5 /* en */ = {isa = PBXFileReference; lastKnownFileType = text.plist.strings; name = en; path = en.lproj/InfoPlist.strings; sourceTree = "<group>"; };
		02C4C993170DCF0C001B2FC5 /* main.m */ = {isa = PBXFileReference; lastKnownFileType = sourcecode.c.objc; path = main.m; sourceTree = "<group>"; };
		02C4C995170DCF0C001B2FC5 /* Render-Prefix.pch */ = {isa = PBXFileReference; lastKnownFileType = sourcecode.c.h; path = "Render-Prefix.pch"; sourceTree = "<group>"; };
		02C4C997170DCF0C001B2FC5 /* en */ = {isa = PBXFileReference; lastKnownFileType = text.rtf; name = en; path = en.lproj/Credits.rtf; sourceTree = "<group>"; };
		02C4C999170DCF0C001B2FC5 /* AWAppDelegate.h */ = {isa = PBXFileReference; lastKnownFileType = sourcecode.c.h; path = AWAppDelegate.h; sourceTree = "<group>"; };
		02C4C99A170DCF0C001B2FC5 /* AWAppDelegate.mm */ = {isa = PBXFileReference; lastKnownFileType = sourcecode.cpp.objcpp; path = AWAppDelegate.mm; sourceTree = "<group>"; };
		02C4C99D170DCF0C001B2FC5 /* en */ = {isa = PBXFileReference; lastKnownFileType = file.xib; name = en; path = en.lproj/MainMenu.xib; sourceTree = "<group>"; };
		02C4C9A4170DD094001B2FC5 /* teste.png */ = {isa = PBXFileReference; lastKnownFileType = image.png; path = teste.png; sourceTree = "<group>"; };
		02C4C9A6170DE6EC001B2FC5 /* AWDrawerView.h */ = {isa = PBXFileReference; fileEncoding = 4; lastKnownFileType = sourcecode.c.h; path = AWDrawerView.h; sourceTree = "<group>"; };
		02C4C9A7170DE6EC001B2FC5 /* AWDrawerView.mm */ = {isa = PBXFileReference; fileEncoding = 4; lastKnownFileType = sourcecode.cpp.objcpp; path = AWDrawerView.mm; sourceTree = "<group>"; };
		02C4C9A9170DE7A1001B2FC5 /* OpenGL.framework */ = {isa = PBXFileReference; lastKnownFileType = wrapper.framework; name = OpenGL.framework; path = System/Library/Frameworks/OpenGL.framework; sourceTree = SDKROOT; };
		02F38D721714495B0016A540 /* Matrix.cpp */ = {isa = PBXFileReference; fileEncoding = 4; lastKnownFileType = sourcecode.cpp.cpp; path = Matrix.cpp; sourceTree = "<group>"; };
		02F38D731714495B0016A540 /* Matrix.h */ = {isa = PBXFileReference; fileEncoding = 4; lastKnownFileType = sourcecode.c.h; path = Matrix.h; sourceTree = "<group>"; };
		02F38D7517145A680016A540 /* Vector.cpp */ = {isa = PBXFileReference; fileEncoding = 4; lastKnownFileType = sourcecode.cpp.cpp; path = Vector.cpp; sourceTree = "<group>"; };
		02F38D7617145A680016A540 /* Vector.h */ = {isa = PBXFileReference; fileEncoding = 4; lastKnownFileType = sourcecode.c.h; path = Vector.h; sourceTree = "<group>"; };
		02F3E4931726FC8600683A10 /* camera2.cfg */ = {isa = PBXFileReference; fileEncoding = 4; lastKnownFileType = text; path = camera2.cfg; sourceTree = "<group>"; };
		02F3E4941726FC8700683A10 /* iluminacao2.txt */ = {isa = PBXFileReference; fileEncoding = 4; lastKnownFileType = text; path = iluminacao2.txt; sourceTree = "<group>"; };
		02F3E4951726FC8700683A10 /* objeto2.byu */ = {isa = PBXFileReference; fileEncoding = 4; lastKnownFileType = text; path = objeto2.byu; sourceTree = "<group>"; };
		0F467C761721C82F00D656B0 /* Rasterizer.cpp */ = {isa = PBXFileReference; fileEncoding = 4; lastKnownFileType = sourcecode.cpp.cpp; path = Rasterizer.cpp; sourceTree = "<group>"; };
		0F467C771721C82F00D656B0 /* Rasterizer.h */ = {isa = PBXFileReference; fileEncoding = 4; lastKnownFileType = sourcecode.c.h; path = Rasterizer.h; sourceTree = "<group>"; };
		0FCD12691725ECCD00CECBAA /* objeto.byu */ = {isa = PBXFileReference; fileEncoding = 4; lastKnownFileType = text; path = objeto.byu; sourceTree = "<group>"; };
		0FCD126B1725ED0500CECBAA /* iluminacao.txt */ = {isa = PBXFileReference; fileEncoding = 4; lastKnownFileType = text; path = iluminacao.txt; sourceTree = "<group>"; };
		0FCD126E1725ED1B00CECBAA /* 01_Camera.cfg */ = {isa = PBXFileReference; fileEncoding = 4; lastKnownFileType = text; path = 01_Camera.cfg; sourceTree = "<group>"; };
		0FCD126F1725ED1B00CECBAA /* animais.cfg */ = {isa = PBXFileReference; fileEncoding = 4; lastKnownFileType = text; path = animais.cfg; sourceTree = "<group>"; };
		0FCD12701725ED1B00CECBAA /* calice2.cfg */ = {isa = PBXFileReference; fileEncoding = 4; lastKnownFileType = text; path = calice2.cfg; sourceTree = "<group>"; };
		0FCD12711725ED1B00CECBAA /* camaro.cfg */ = {isa = PBXFileReference; fileEncoding = 4; lastKnownFileType = text; path = camaro.cfg; sourceTree = "<group>"; };
		0FCD12721725ED1B00CECBAA /* casa.cfg */ = {isa = PBXFileReference; fileEncoding = 4; lastKnownFileType = text; path = casa.cfg; sourceTree = "<group>"; };
		0FCD12731725ED1B00CECBAA /* CAT.cfg */ = {isa = PBXFileReference; fileEncoding = 4; lastKnownFileType = text; path = CAT.cfg; sourceTree = "<group>"; };
		0FCD12741725ED1B00CECBAA /* COW.cfg */ = {isa = PBXFileReference; fileEncoding = 4; lastKnownFileType = text; path = COW.cfg; sourceTree = "<group>"; };
		0FCD12751725ED1B00CECBAA /* crusader.cfg */ = {isa = PBXFileReference; fileEncoding = 4; lastKnownFileType = text; path = crusader.cfg; sourceTree = "<group>"; };
		0FCD12761725ED1B00CECBAA /* crusader2.cfg */ = {isa = PBXFileReference; fileEncoding = 4; lastKnownFileType = text; path = crusader2.cfg; sourceTree = "<group>"; };
		0FCD12771725ED1B00CECBAA /* maca.cfg */ = {isa = PBXFileReference; fileEncoding = 4; lastKnownFileType = text; path = maca.cfg; sourceTree = "<group>"; };
		0FCD12781725ED1B00CECBAA /* maca2.cfg */ = {isa = PBXFileReference; fileEncoding = 4; lastKnownFileType = text; path = maca2.cfg; sourceTree = "<group>"; };
		0FCD12791725ED1B00CECBAA /* moto.cfg */ = {isa = PBXFileReference; fileEncoding = 4; lastKnownFileType = text; path = moto.cfg; sourceTree = "<group>"; };
		0FCD127A1725ED1B00CECBAA /* piramide.cfg */ = {isa = PBXFileReference; fileEncoding = 4; lastKnownFileType = text; path = piramide.cfg; sourceTree = "<group>"; };
		0FCD127B1725ED1B00CECBAA /* spaceship.cfg */ = {isa = PBXFileReference; fileEncoding = 4; lastKnownFileType = text; path = spaceship.cfg; sourceTree = "<group>"; };
		0FCD127C1725ED1B00CECBAA /* superficie.cfg */ = {isa = PBXFileReference; fileEncoding = 4; lastKnownFileType = text; path = superficie.cfg; sourceTree = "<group>"; };
		0FCD127D1725ED1B00CECBAA /* triangulo.cfg */ = {isa = PBXFileReference; fileEncoding = 4; lastKnownFileType = text; path = triangulo.cfg; sourceTree = "<group>"; };
		0FCD127E1725ED1B00CECBAA /* trooper.cfg */ = {isa = PBXFileReference; fileEncoding = 4; lastKnownFileType = text; path = trooper.cfg; sourceTree = "<group>"; };
		0FCD127F1725ED1B00CECBAA /* trooper2.cfg */ = {isa = PBXFileReference; fileEncoding = 4; lastKnownFileType = text; path = trooper2.cfg; sourceTree = "<group>"; };
		0FCD12801725ED1B00CECBAA /* vader.cfg */ = {isa = PBXFileReference; fileEncoding = 4; lastKnownFileType = text; path = vader.cfg; sourceTree = "<group>"; };
		0FCD12811725ED1B00CECBAA /* vaso.cfg */ = {isa = PBXFileReference; fileEncoding = 4; lastKnownFileType = text; path = vaso.cfg; sourceTree = "<group>"; };
		0FCD12821725ED1B00CECBAA /* vaso2.cfg */ = {isa = PBXFileReference; fileEncoding = 4; lastKnownFileType = text; path = vaso2.cfg; sourceTree = "<group>"; };
		0FCD12831725ED1B00CECBAA /* vaso3.cfg */ = {isa = PBXFileReference; fileEncoding = 4; lastKnownFileType = text; path = vaso3.cfg; sourceTree = "<group>"; };
		0FCD12841725ED1B00CECBAA /* yoda.cfg */ = {isa = PBXFileReference; fileEncoding = 4; lastKnownFileType = text; path = yoda.cfg; sourceTree = "<group>"; };
		0FCD12861725ED1B00CECBAA /* 01_Objeto.byu */ = {isa = PBXFileReference; fileEncoding = 4; lastKnownFileType = text; path = 01_Objeto.byu; sourceTree = "<group>"; };
		0FCD12871725ED1B00CECBAA /* calice.byu */ = {isa = PBXFileReference; fileEncoding = 4; lastKnownFileType = text; path = calice.byu; sourceTree = "<group>"; };
		0FCD12881725ED1B00CECBAA /* calice2.byu */ = {isa = PBXFileReference; fileEncoding = 4; lastKnownFileType = text; path = calice2.byu; sourceTree = "<group>"; };
		0FCD12891725ED1B00CECBAA /* camaro.byu */ = {isa = PBXFileReference; fileEncoding = 4; lastKnownFileType = text; path = camaro.byu; sourceTree = "<group>"; };
		0FCD128A1725ED1B00CECBAA /* casa.byu */ = {isa = PBXFileReference; fileEncoding = 4; lastKnownFileType = text; path = casa.byu; sourceTree = "<group>"; };
		0FCD128C1725ED1B00CECBAA /* COW.byu */ = {isa = PBXFileReference; fileEncoding = 4; lastKnownFileType = text; path = COW.byu; sourceTree = "<group>"; };
		0FCD128D1725ED1B00CECBAA /* crusader.byu */ = {isa = PBXFileReference; fileEncoding = 4; lastKnownFileType = text; path = crusader.byu; sourceTree = "<group>"; };
		0FCD128E1725ED1B00CECBAA /* dalton.byu */ = {isa = PBXFileReference; fileEncoding = 4; lastKnownFileType = text; path = dalton.byu; sourceTree = "<group>"; };
		0FCD128F1725ED1B00CECBAA /* DOG.byu */ = {isa = PBXFileReference; fileEncoding = 4; lastKnownFileType = text; path = DOG.byu; sourceTree = "<group>"; };
		0FCD12901725ED1B00CECBAA /* maca.byu */ = {isa = PBXFileReference; fileEncoding = 4; lastKnownFileType = text; path = maca.byu; sourceTree = "<group>"; };
		0FCD12911725ED1B00CECBAA /* maca2.byu */ = {isa = PBXFileReference; fileEncoding = 4; lastKnownFileType = text; path = maca2.byu; sourceTree = "<group>"; };
		0FCD12921725ED1B00CECBAA /* moto.byu */ = {isa = PBXFileReference; fileEncoding = 4; lastKnownFileType = text; path = moto.byu; sourceTree = "<group>"; };
		0FCD12931725ED1B00CECBAA /* piramide.byu */ = {isa = PBXFileReference; fileEncoding = 4; lastKnownFileType = text; path = piramide.byu; sourceTree = "<group>"; };
		0FCD12941725ED1B00CECBAA /* spaceship.byu */ = {isa = PBXFileReference; fileEncoding = 4; lastKnownFileType = text; path = spaceship.byu; sourceTree = "<group>"; };
		0FCD12951725ED1B00CECBAA /* superficie.byu */ = {isa = PBXFileReference; fileEncoding = 4; lastKnownFileType = text; path = superficie.byu; sourceTree = "<group>"; };
		0FCD12961725ED1B00CECBAA /* triangulo.byu */ = {isa = PBXFileReference; fileEncoding = 4; lastKnownFileType = text; path = triangulo.byu; sourceTree = "<group>"; };
		0FCD12971725ED1B00CECBAA /* trooper.byu */ = {isa = PBXFileReference; fileEncoding = 4; lastKnownFileType = text; path = trooper.byu; sourceTree = "<group>"; };
		0FCD12981725ED1B00CECBAA /* tui.byu */ = {isa = PBXFileReference; fileEncoding = 4; lastKnownFileType = text; path = tui.byu; sourceTree = "<group>"; };
		0FCD12991725ED1B00CECBAA /* vader.byu */ = {isa = PBXFileReference; fileEncoding = 4; lastKnownFileType = text; path = vader.byu; sourceTree = "<group>"; };
		0FCD129A1725ED1B00CECBAA /* vaso.byu */ = {isa = PBXFileReference; fileEncoding = 4; lastKnownFileType = text; path = vaso.byu; sourceTree = "<group>"; };
		0FCD129B1725ED1B00CECBAA /* yoda.byu */ = {isa = PBXFileReference; fileEncoding = 4; lastKnownFileType = text; path = yoda.byu; sourceTree = "<group>"; };
/* End PBXFileReference section */

/* Begin PBXFrameworksBuildPhase section */
		02C4C981170DCF0C001B2FC5 /* Frameworks */ = {
			isa = PBXFrameworksBuildPhase;
			buildActionMask = 2147483647;
			files = (
				02C4C9AA170DE7A1001B2FC5 /* OpenGL.framework in Frameworks */,
				02C4C988170DCF0C001B2FC5 /* Cocoa.framework in Frameworks */,
			);
			runOnlyForDeploymentPostprocessing = 0;
		};
/* End PBXFrameworksBuildPhase section */

/* Begin PBXGroup section */
		0206EE23172076C4008F5E51 /* util */ = {
			isa = PBXGroup;
			children = (
				0206EE24172076D8008F5E51 /* Types.h */,
			);
			name = util;
			sourceTree = "<group>";
		};
		0206EE2517207911008F5E51 /* drawing */ = {
			isa = PBXGroup;
			children = (
				0206EE261720793A008F5E51 /* Color.h */,
				022E0EFB170E65F9002183BD /* Canvas.cpp */,
				022E0EFC170E65F9002183BD /* Canvas.h */,
				0F467C761721C82F00D656B0 /* Rasterizer.cpp */,
				0F467C771721C82F00D656B0 /* Rasterizer.h */,
			);
			name = drawing;
			sourceTree = "<group>";
		};
		0206EE3017209BFC008F5E51 /* io */ = {
			isa = PBXGroup;
			children = (
				0206EE471720B2D7008F5E51 /* Reader.cpp */,
				0206EE481720B2D7008F5E51 /* Reader.h */,
			);
			name = io;
			sourceTree = "<group>";
		};
		0206EE371720A143008F5E51 /* data */ = {
			isa = PBXGroup;
			children = (
				0206EE381720A4A2008F5E51 /* IndexedTriangle.h */,
				0206EE391720A72B008F5E51 /* Mesh.cpp */,
				0206EE3A1720A72B008F5E51 /* Mesh.h */,
				0206EE3C1720A759008F5E51 /* Object.cpp */,
				0206EE3D1720A75A008F5E51 /* Object.h */,
			);
			name = data;
			sourceTree = "<group>";
		};
		0232067D171DCE730014C782 /* geometry */ = {
			isa = PBXGroup;
			children = (
				0232067E171DCE870014C782 /* Transformation.cpp */,
				0232067F171DCE870014C782 /* Transformation.h */,
				02320684171DD2DB0014C782 /* Point3D.cpp */,
				02320685171DD2DB0014C782 /* Point3D.h */,
				02320687171DD5990014C782 /* Vector3D.cpp */,
				02320688171DD5990014C782 /* Vector3D.h */,
				02320694171DEEB30014C782 /* Point2D.cpp */,
				02320695171DEEB30014C782 /* Point2D.h */,
				0206EE2D17209142008F5E51 /* Triangle.cpp */,
				0206EE2E17209142008F5E51 /* Triangle.h */,
			);
			name = geometry;
			sourceTree = "<group>";
		};
		0232068D171DE9500014C782 /* rendering */ = {
			isa = PBXGroup;
			children = (
				0232068E171DE9610014C782 /* Camera.cpp */,
				0232068F171DE9610014C782 /* Camera.h */,
				02320691171DEE360014C782 /* PerspectiveCamera.cpp */,
				02320692171DEE360014C782 /* PerspectiveCamera.h */,
				0206EE27172079B9008F5E51 /* ColorVector.cpp */,
				0206EE28172079B9008F5E51 /* ColorVector.h */,
				0206EE2A17207E1F008F5E51 /* LightSource.cpp */,
				0206EE2B17207E1F008F5E51 /* LightSource.h */,
				0206EE3117209C7A008F5E51 /* World.cpp */,
				0206EE3217209C7A008F5E51 /* World.h */,
			);
			name = rendering;
			sourceTree = "<group>";
		};
		02C4C97B170DCF0C001B2FC5 = {
			isa = PBXGroup;
			children = (
				02C4C9A9170DE7A1001B2FC5 /* OpenGL.framework */,
				02C4C98D170DCF0C001B2FC5 /* Render */,
				02C4C986170DCF0C001B2FC5 /* Frameworks */,
				02C4C985170DCF0C001B2FC5 /* Products */,
			);
			sourceTree = "<group>";
		};
		02C4C985170DCF0C001B2FC5 /* Products */ = {
			isa = PBXGroup;
			children = (
				02C4C984170DCF0C001B2FC5 /* Render.app */,
			);
			name = Products;
			sourceTree = "<group>";
		};
		02C4C986170DCF0C001B2FC5 /* Frameworks */ = {
			isa = PBXGroup;
			children = (
				02C4C987170DCF0C001B2FC5 /* Cocoa.framework */,
				02C4C989170DCF0C001B2FC5 /* Other Frameworks */,
			);
			name = Frameworks;
			sourceTree = "<group>";
		};
		02C4C989170DCF0C001B2FC5 /* Other Frameworks */ = {
			isa = PBXGroup;
			children = (
				02C4C98A170DCF0C001B2FC5 /* AppKit.framework */,
				02C4C98B170DCF0C001B2FC5 /* CoreData.framework */,
				02C4C98C170DCF0C001B2FC5 /* Foundation.framework */,
			);
			name = "Other Frameworks";
			sourceTree = "<group>";
		};
		02C4C98D170DCF0C001B2FC5 /* Render */ = {
			isa = PBXGroup;
			children = (
				0206EE371720A143008F5E51 /* data */,
				0206EE3017209BFC008F5E51 /* io */,
				0206EE2517207911008F5E51 /* drawing */,
				0206EE23172076C4008F5E51 /* util */,
				0232068D171DE9500014C782 /* rendering */,
				0232067D171DCE730014C782 /* geometry */,
				02F38D71171449480016A540 /* math */,
				02C4C9A4170DD094001B2FC5 /* teste.png */,
				02C4C999170DCF0C001B2FC5 /* AWAppDelegate.h */,
				02C4C99A170DCF0C001B2FC5 /* AWAppDelegate.mm */,
				02C4C99C170DCF0C001B2FC5 /* MainMenu.xib */,
				02C4C98E170DCF0C001B2FC5 /* Supporting Files */,
				02C4C9A6170DE6EC001B2FC5 /* AWDrawerView.h */,
				02C4C9A7170DE6EC001B2FC5 /* AWDrawerView.mm */,
			);
			path = Render;
			sourceTree = "<group>";
		};
		02C4C98E170DCF0C001B2FC5 /* Supporting Files */ = {
			isa = PBXGroup;
			children = (
				02F3E4931726FC8600683A10 /* camera2.cfg */,
				02F3E4941726FC8700683A10 /* iluminacao2.txt */,
				02F3E4951726FC8700683A10 /* objeto2.byu */,
				0FCD126D1725ED1B00CECBAA /* Cameras */,
				0FCD12851725ED1B00CECBAA /* Objetos */,
				0FCD126B1725ED0500CECBAA /* iluminacao.txt */,
				0FCD12691725ECCD00CECBAA /* objeto.byu */,
				0206EE3F1720AE72008F5E51 /* camera.cfg */,
				02C4C98F170DCF0C001B2FC5 /* Render-Info.plist */,
				02C4C990170DCF0C001B2FC5 /* InfoPlist.strings */,
				02C4C993170DCF0C001B2FC5 /* main.m */,
				02C4C995170DCF0C001B2FC5 /* Render-Prefix.pch */,
				02C4C996170DCF0C001B2FC5 /* Credits.rtf */,
			);
			name = "Supporting Files";
			sourceTree = "<group>";
		};
		02F38D71171449480016A540 /* math */ = {
			isa = PBXGroup;
			children = (
				02F38D721714495B0016A540 /* Matrix.cpp */,
				02F38D731714495B0016A540 /* Matrix.h */,
				02F38D7517145A680016A540 /* Vector.cpp */,
				02F38D7617145A680016A540 /* Vector.h */,
			);
			name = math;
			sourceTree = "<group>";
		};
		0FCD126D1725ED1B00CECBAA /* Cameras */ = {
			isa = PBXGroup;
			children = (
				0FCD126E1725ED1B00CECBAA /* 01_Camera.cfg */,
				0FCD126F1725ED1B00CECBAA /* animais.cfg */,
				0FCD12701725ED1B00CECBAA /* calice2.cfg */,
				0FCD12711725ED1B00CECBAA /* camaro.cfg */,
				0FCD12721725ED1B00CECBAA /* casa.cfg */,
				0FCD12731725ED1B00CECBAA /* CAT.cfg */,
				0FCD12741725ED1B00CECBAA /* COW.cfg */,
				0FCD12751725ED1B00CECBAA /* crusader.cfg */,
				0FCD12761725ED1B00CECBAA /* crusader2.cfg */,
				0FCD12771725ED1B00CECBAA /* maca.cfg */,
				0FCD12781725ED1B00CECBAA /* maca2.cfg */,
				0FCD12791725ED1B00CECBAA /* moto.cfg */,
				0FCD127A1725ED1B00CECBAA /* piramide.cfg */,
				0FCD127B1725ED1B00CECBAA /* spaceship.cfg */,
				0FCD127C1725ED1B00CECBAA /* superficie.cfg */,
				0FCD127D1725ED1B00CECBAA /* triangulo.cfg */,
				0FCD127E1725ED1B00CECBAA /* trooper.cfg */,
				0FCD127F1725ED1B00CECBAA /* trooper2.cfg */,
				0FCD12801725ED1B00CECBAA /* vader.cfg */,
				0FCD12811725ED1B00CECBAA /* vaso.cfg */,
				0FCD12821725ED1B00CECBAA /* vaso2.cfg */,
				0FCD12831725ED1B00CECBAA /* vaso3.cfg */,
				0FCD12841725ED1B00CECBAA /* yoda.cfg */,
			);
			path = Cameras;
			sourceTree = "<group>";
		};
		0FCD12851725ED1B00CECBAA /* Objetos */ = {
			isa = PBXGroup;
			children = (
				0FCD12861725ED1B00CECBAA /* 01_Objeto.byu */,
				0FCD12871725ED1B00CECBAA /* calice.byu */,
				0FCD12881725ED1B00CECBAA /* calice2.byu */,
				0FCD12891725ED1B00CECBAA /* camaro.byu */,
				0FCD128A1725ED1B00CECBAA /* casa.byu */,
				0FCD128C1725ED1B00CECBAA /* COW.byu */,
				0FCD128D1725ED1B00CECBAA /* crusader.byu */,
				0FCD128E1725ED1B00CECBAA /* dalton.byu */,
				0FCD128F1725ED1B00CECBAA /* DOG.byu */,
				0FCD12901725ED1B00CECBAA /* maca.byu */,
				0FCD12911725ED1B00CECBAA /* maca2.byu */,
				0FCD12921725ED1B00CECBAA /* moto.byu */,
				0FCD12931725ED1B00CECBAA /* piramide.byu */,
				0FCD12941725ED1B00CECBAA /* spaceship.byu */,
				0FCD12951725ED1B00CECBAA /* superficie.byu */,
				0FCD12961725ED1B00CECBAA /* triangulo.byu */,
				0FCD12971725ED1B00CECBAA /* trooper.byu */,
				0FCD12981725ED1B00CECBAA /* tui.byu */,
				0FCD12991725ED1B00CECBAA /* vader.byu */,
				0FCD129A1725ED1B00CECBAA /* vaso.byu */,
				0FCD129B1725ED1B00CECBAA /* yoda.byu */,
			);
			path = Objetos;
			sourceTree = "<group>";
		};
/* End PBXGroup section */

/* Begin PBXNativeTarget section */
		02C4C983170DCF0C001B2FC5 /* Render */ = {
			isa = PBXNativeTarget;
			buildConfigurationList = 02C4C9A1170DCF0C001B2FC5 /* Build configuration list for PBXNativeTarget "Render" */;
			buildPhases = (
				02C4C980170DCF0C001B2FC5 /* Sources */,
				02C4C981170DCF0C001B2FC5 /* Frameworks */,
				02C4C982170DCF0C001B2FC5 /* Resources */,
			);
			buildRules = (
			);
			dependencies = (
			);
			name = Render;
			productName = Render;
			productReference = 02C4C984170DCF0C001B2FC5 /* Render.app */;
			productType = "com.apple.product-type.application";
		};
/* End PBXNativeTarget section */

/* Begin PBXProject section */
		02C4C97C170DCF0C001B2FC5 /* Project object */ = {
			isa = PBXProject;
			attributes = {
				CLASSPREFIX = AW;
				LastUpgradeCheck = 0460;
				ORGANIZATIONNAME = AwesomeInc;
			};
			buildConfigurationList = 02C4C97F170DCF0C001B2FC5 /* Build configuration list for PBXProject "Render" */;
			compatibilityVersion = "Xcode 3.2";
			developmentRegion = English;
			hasScannedForEncodings = 0;
			knownRegions = (
				en,
			);
			mainGroup = 02C4C97B170DCF0C001B2FC5;
			productRefGroup = 02C4C985170DCF0C001B2FC5 /* Products */;
			projectDirPath = "";
			projectRoot = "";
			targets = (
				02C4C983170DCF0C001B2FC5 /* Render */,
			);
		};
/* End PBXProject section */

/* Begin PBXResourcesBuildPhase section */
		02C4C982170DCF0C001B2FC5 /* Resources */ = {
			isa = PBXResourcesBuildPhase;
			buildActionMask = 2147483647;
			files = (
				02C4C992170DCF0C001B2FC5 /* InfoPlist.strings in Resources */,
				02C4C998170DCF0C001B2FC5 /* Credits.rtf in Resources */,
				02C4C99E170DCF0C001B2FC5 /* MainMenu.xib in Resources */,
				02C4C9A5170DD094001B2FC5 /* teste.png in Resources */,
				0206EE401720AE72008F5E51 /* camera.cfg in Resources */,
				0FCD126A1725ECCD00CECBAA /* objeto.byu in Resources */,
				0FCD126C1725ED0500CECBAA /* iluminacao.txt in Resources */,
				0FCD129C1725ED1B00CECBAA /* 01_Camera.cfg in Resources */,
				0FCD129D1725ED1B00CECBAA /* animais.cfg in Resources */,
				0FCD129E1725ED1B00CECBAA /* calice2.cfg in Resources */,
				0FCD129F1725ED1B00CECBAA /* camaro.cfg in Resources */,
				0FCD12A01725ED1B00CECBAA /* casa.cfg in Resources */,
				0FCD12A11725ED1B00CECBAA /* CAT.cfg in Resources */,
				0FCD12A21725ED1B00CECBAA /* COW.cfg in Resources */,
				0FCD12A31725ED1B00CECBAA /* crusader.cfg in Resources */,
				0FCD12A41725ED1B00CECBAA /* crusader2.cfg in Resources */,
				0FCD12A51725ED1B00CECBAA /* maca.cfg in Resources */,
				0FCD12A61725ED1B00CECBAA /* maca2.cfg in Resources */,
				0FCD12A71725ED1B00CECBAA /* moto.cfg in Resources */,
				0FCD12A81725ED1B00CECBAA /* piramide.cfg in Resources */,
				0FCD12A91725ED1B00CECBAA /* spaceship.cfg in Resources */,
				0FCD12AA1725ED1B00CECBAA /* superficie.cfg in Resources */,
				0FCD12AB1725ED1B00CECBAA /* triangulo.cfg in Resources */,
				0FCD12AC1725ED1B00CECBAA /* trooper.cfg in Resources */,
				0FCD12AD1725ED1B00CECBAA /* trooper2.cfg in Resources */,
				0FCD12AE1725ED1B00CECBAA /* vader.cfg in Resources */,
				0FCD12AF1725ED1B00CECBAA /* vaso.cfg in Resources */,
				0FCD12B01725ED1B00CECBAA /* vaso2.cfg in Resources */,
				0FCD12B11725ED1B00CECBAA /* vaso3.cfg in Resources */,
				0FCD12B21725ED1B00CECBAA /* yoda.cfg in Resources */,
				0FCD12B31725ED1B00CECBAA /* 01_Objeto.byu in Resources */,
				0FCD12B41725ED1B00CECBAA /* calice.byu in Resources */,
				0FCD12B51725ED1B00CECBAA /* calice2.byu in Resources */,
				0FCD12B61725ED1B00CECBAA /* camaro.byu in Resources */,
				0FCD12B71725ED1B00CECBAA /* casa.byu in Resources */,
				0FCD12B91725ED1B00CECBAA /* COW.byu in Resources */,
				0FCD12BA1725ED1B00CECBAA /* crusader.byu in Resources */,
				0FCD12BB1725ED1B00CECBAA /* dalton.byu in Resources */,
				0FCD12BC1725ED1B00CECBAA /* DOG.byu in Resources */,
				0FCD12BD1725ED1B00CECBAA /* maca.byu in Resources */,
				0FCD12BE1725ED1B00CECBAA /* maca2.byu in Resources */,
				0FCD12BF1725ED1B00CECBAA /* moto.byu in Resources */,
				0FCD12C01725ED1B00CECBAA /* piramide.byu in Resources */,
				0FCD12C11725ED1B00CECBAA /* spaceship.byu in Resources */,
				0FCD12C21725ED1B00CECBAA /* superficie.byu in Resources */,
				0FCD12C31725ED1B00CECBAA /* triangulo.byu in Resources */,
				0FCD12C41725ED1B00CECBAA /* trooper.byu in Resources */,
				0FCD12C51725ED1B00CECBAA /* tui.byu in Resources */,
				0FCD12C61725ED1B00CECBAA /* vader.byu in Resources */,
				0FCD12C71725ED1B00CECBAA /* vaso.byu in Resources */,
				0FCD12C81725ED1B00CECBAA /* yoda.byu in Resources */,
				02F3E4961726FC8700683A10 /* camera2.cfg in Resources */,
				02F3E4971726FC8700683A10 /* iluminacao2.txt in Resources */,
				02F3E4981726FC8700683A10 /* objeto2.byu in Resources */,
			);
			runOnlyForDeploymentPostprocessing = 0;
		};
/* End PBXResourcesBuildPhase section */

/* Begin PBXSourcesBuildPhase section */
		02C4C980170DCF0C001B2FC5 /* Sources */ = {
			isa = PBXSourcesBuildPhase;
			buildActionMask = 2147483647;
			files = (
				02C4C994170DCF0C001B2FC5 /* main.m in Sources */,
				02C4C99B170DCF0C001B2FC5 /* AWAppDelegate.mm in Sources */,
				02C4C9A8170DE6EC001B2FC5 /* AWDrawerView.mm in Sources */,
				022E0EFD170E65F9002183BD /* Canvas.cpp in Sources */,
				02F38D741714495B0016A540 /* Matrix.cpp in Sources */,
				02F38D7717145A680016A540 /* Vector.cpp in Sources */,
				02320680171DCE870014C782 /* Transformation.cpp in Sources */,
				02320686171DD2DB0014C782 /* Point3D.cpp in Sources */,
				02320689171DD5990014C782 /* Vector3D.cpp in Sources */,
				02320690171DE9610014C782 /* Camera.cpp in Sources */,
				02320693171DEE360014C782 /* PerspectiveCamera.cpp in Sources */,
				02320696171DEEB30014C782 /* Point2D.cpp in Sources */,
				0206EE29172079B9008F5E51 /* ColorVector.cpp in Sources */,
				0206EE2C17207E1F008F5E51 /* LightSource.cpp in Sources */,
				0206EE2F17209142008F5E51 /* Triangle.cpp in Sources */,
				0206EE3317209C7B008F5E51 /* World.cpp in Sources */,
				0206EE3B1720A72B008F5E51 /* Mesh.cpp in Sources */,
				0206EE3E1720A75A008F5E51 /* Object.cpp in Sources */,
				0206EE491720B2D7008F5E51 /* Reader.cpp in Sources */,
				0F467C781721C82F00D656B0 /* Rasterizer.cpp in Sources */,
			);
			runOnlyForDeploymentPostprocessing = 0;
		};
/* End PBXSourcesBuildPhase section */

/* Begin PBXVariantGroup section */
		02C4C990170DCF0C001B2FC5 /* InfoPlist.strings */ = {
			isa = PBXVariantGroup;
			children = (
				02C4C991170DCF0C001B2FC5 /* en */,
			);
			name = InfoPlist.strings;
			sourceTree = "<group>";
		};
		02C4C996170DCF0C001B2FC5 /* Credits.rtf */ = {
			isa = PBXVariantGroup;
			children = (
				02C4C997170DCF0C001B2FC5 /* en */,
			);
			name = Credits.rtf;
			sourceTree = "<group>";
		};
		02C4C99C170DCF0C001B2FC5 /* MainMenu.xib */ = {
			isa = PBXVariantGroup;
			children = (
				02C4C99D170DCF0C001B2FC5 /* en */,
			);
			name = MainMenu.xib;
			sourceTree = "<group>";
		};
/* End PBXVariantGroup section */

/* Begin XCBuildConfiguration section */
		02C4C99F170DCF0C001B2FC5 /* Debug */ = {
			isa = XCBuildConfiguration;
			buildSettings = {
				ALWAYS_SEARCH_USER_PATHS = NO;
				ARCHS = "$(ARCHS_STANDARD_64_BIT)";
				CLANG_CXX_LANGUAGE_STANDARD = "gnu++0x";
				CLANG_CXX_LIBRARY = "libc++";
				CLANG_ENABLE_OBJC_ARC = YES;
				CLANG_WARN_CONSTANT_CONVERSION = YES;
				CLANG_WARN_EMPTY_BODY = YES;
				CLANG_WARN_ENUM_CONVERSION = YES;
				CLANG_WARN_INT_CONVERSION = YES;
				CLANG_WARN__DUPLICATE_METHOD_MATCH = YES;
				COPY_PHASE_STRIP = NO;
				GCC_C_LANGUAGE_STANDARD = gnu99;
				GCC_DYNAMIC_NO_PIC = NO;
				GCC_ENABLE_OBJC_EXCEPTIONS = YES;
				GCC_OPTIMIZATION_LEVEL = 0;
				GCC_PREPROCESSOR_DEFINITIONS = (
					"DEBUG=1",
					"$(inherited)",
				);
				GCC_SYMBOLS_PRIVATE_EXTERN = NO;
				GCC_WARN_64_TO_32_BIT_CONVERSION = YES;
				GCC_WARN_ABOUT_RETURN_TYPE = YES;
				GCC_WARN_UNINITIALIZED_AUTOS = YES;
				GCC_WARN_UNUSED_VARIABLE = YES;
				MACOSX_DEPLOYMENT_TARGET = 10.8;
				ONLY_ACTIVE_ARCH = YES;
				SDKROOT = macosx;
			};
			name = Debug;
		};
		02C4C9A0170DCF0C001B2FC5 /* Release */ = {
			isa = XCBuildConfiguration;
			buildSettings = {
				ALWAYS_SEARCH_USER_PATHS = NO;
				ARCHS = "$(ARCHS_STANDARD_64_BIT)";
				CLANG_CXX_LANGUAGE_STANDARD = "gnu++0x";
				CLANG_CXX_LIBRARY = "libc++";
				CLANG_ENABLE_OBJC_ARC = YES;
				CLANG_WARN_CONSTANT_CONVERSION = YES;
				CLANG_WARN_EMPTY_BODY = YES;
				CLANG_WARN_ENUM_CONVERSION = YES;
				CLANG_WARN_INT_CONVERSION = YES;
				CLANG_WARN__DUPLICATE_METHOD_MATCH = YES;
				COPY_PHASE_STRIP = YES;
				DEBUG_INFORMATION_FORMAT = "dwarf-with-dsym";
				GCC_C_LANGUAGE_STANDARD = gnu99;
				GCC_ENABLE_OBJC_EXCEPTIONS = YES;
				GCC_WARN_64_TO_32_BIT_CONVERSION = YES;
				GCC_WARN_ABOUT_RETURN_TYPE = YES;
				GCC_WARN_UNINITIALIZED_AUTOS = YES;
				GCC_WARN_UNUSED_VARIABLE = YES;
				MACOSX_DEPLOYMENT_TARGET = 10.8;
				SDKROOT = macosx;
			};
			name = Release;
		};
		02C4C9A2170DCF0C001B2FC5 /* Debug */ = {
			isa = XCBuildConfiguration;
			buildSettings = {
				COMBINE_HIDPI_IMAGES = YES;
				GCC_PRECOMPILE_PREFIX_HEADER = YES;
				GCC_PREFIX_HEADER = "Render/Render-Prefix.pch";
				INFOPLIST_FILE = "Render/Render-Info.plist";
				MACOSX_DEPLOYMENT_TARGET = 10.7;
				PRODUCT_NAME = "$(TARGET_NAME)";
				WRAPPER_EXTENSION = app;
			};
			name = Debug;
		};
		02C4C9A3170DCF0C001B2FC5 /* Release */ = {
			isa = XCBuildConfiguration;
			buildSettings = {
				COMBINE_HIDPI_IMAGES = YES;
				GCC_PRECOMPILE_PREFIX_HEADER = YES;
				GCC_PREFIX_HEADER = "Render/Render-Prefix.pch";
				INFOPLIST_FILE = "Render/Render-Info.plist";
				MACOSX_DEPLOYMENT_TARGET = 10.7;
				PRODUCT_NAME = "$(TARGET_NAME)";
				WRAPPER_EXTENSION = app;
			};
			name = Release;
		};
/* End XCBuildConfiguration section */

/* Begin XCConfigurationList section */
		02C4C97F170DCF0C001B2FC5 /* Build configuration list for PBXProject "Render" */ = {
			isa = XCConfigurationList;
			buildConfigurations = (
				02C4C99F170DCF0C001B2FC5 /* Debug */,
				02C4C9A0170DCF0C001B2FC5 /* Release */,
			);
			defaultConfigurationIsVisible = 0;
			defaultConfigurationName = Release;
		};
		02C4C9A1170DCF0C001B2FC5 /* Build configuration list for PBXNativeTarget "Render" */ = {
			isa = XCConfigurationList;
			buildConfigurations = (
				02C4C9A2170DCF0C001B2FC5 /* Debug */,
				02C4C9A3170DCF0C001B2FC5 /* Release */,
			);
			defaultConfigurationIsVisible = 0;
			defaultConfigurationName = Release;
		};
/* End XCConfigurationList section */
	};
	rootObject = 02C4C97C170DCF0C001B2FC5 /* Project object */;
}
